
Microsoft Visual Studio Solution File, Format Version 12.00
# Visual Studio Version 17
VisualStudioVersion = 17.12.35707.178
MinimumVisualStudioVersion = 10.0.40219.1
Project("{2150E333-8FDC-42A3-9474-1A3956D46DE8}") = "src", "src", "{76861269-5B1D-4F15-A11B-4A473D24372F}"
EndProject
Project("{FAE04EC0-301F-11D3-BF4B-00C04F79EFBC}") = "MediaLab.Domain", "MediaLab.Domain\MediaLab.Domain.csproj", "{3CC9DB53-A72C-490A-931C-6F020EB9534D}"
EndProject
Project("{FAE04EC0-301F-11D3-BF4B-00C04F79EFBC}") = "MediaLab.Application", "MediaLab.Application\MediaLab.Application.csproj", "{5EA21253-D3A7-4F4D-888E-F6933786F4E3}"
EndProject
Project("{FAE04EC0-301F-11D3-BF4B-00C04F79EFBC}") = "MediaLab.Infrastructure", "MediaLab.Infrastructure\MediaLab.Infrastructure.csproj", "{214171E6-74F9-413B-BEAD-7958924D2193}"
EndProject
Project("{FAE04EC0-301F-11D3-BF4B-00C04F79EFBC}") = "MediaLab.Api", "MediaLab.Api\MediaLab.Api.csproj", "{181DEEB8-435A-486A-9D0B-C15815683602}"
EndProject
Global
	GlobalSection(SolutionConfigurationPlatforms) = preSolution
		Debug|Any CPU = Debug|Any CPU
		Release|Any CPU = Release|Any CPU
	EndGlobalSection
	GlobalSection(ProjectConfigurationPlatforms) = postSolution
		{3CC9DB53-A72C-490A-931C-6F020EB9534D}.Debug|Any CPU.ActiveCfg = Debug|Any CPU
		{3CC9DB53-A72C-490A-931C-6F020EB9534D}.Debug|Any CPU.Build.0 = Debug|Any CPU
		{3CC9DB53-A72C-490A-931C-6F020EB9534D}.Release|Any CPU.ActiveCfg = Release|Any CPU
		{3CC9DB53-A72C-490A-931C-6F020EB9534D}.Release|Any CPU.Build.0 = Release|Any CPU
		{5EA21253-D3A7-4F4D-888E-F6933786F4E3}.Debug|Any CPU.ActiveCfg = Debug|Any CPU
		{5EA21253-D3A7-4F4D-888E-F6933786F4E3}.Debug|Any CPU.Build.0 = Debug|Any CPU
		{5EA21253-D3A7-4F4D-888E-F6933786F4E3}.Release|Any CPU.ActiveCfg = Release|Any CPU
		{5EA21253-D3A7-4F4D-888E-F6933786F4E3}.Release|Any CPU.Build.0 = Release|Any CPU
		{214171E6-74F9-413B-BEAD-7958924D2193}.Debug|Any CPU.ActiveCfg = Debug|Any CPU
		{214171E6-74F9-413B-BEAD-7958924D2193}.Debug|Any CPU.Build.0 = Debug|Any CPU
		{214171E6-74F9-413B-BEAD-7958924D2193}.Release|Any CPU.ActiveCfg = Release|Any CPU
		{214171E6-74F9-413B-BEAD-7958924D2193}.Release|Any CPU.Build.0 = Release|Any CPU
		{181DEEB8-435A-486A-9D0B-C15815683602}.Debug|Any CPU.ActiveCfg = Debug|Any CPU
		{181DEEB8-435A-486A-9D0B-C15815683602}.Debug|Any CPU.Build.0 = Debug|Any CPU
		{181DEEB8-435A-486A-9D0B-C15815683602}.Release|Any CPU.ActiveCfg = Release|Any CPU
		{181DEEB8-435A-486A-9D0B-C15815683602}.Release|Any CPU.Build.0 = Release|Any CPU
	EndGlobalSection
	GlobalSection(SolutionProperties) = preSolution
		HideSolutionNode = FALSE
	EndGlobalSection
	GlobalSection(NestedProjects) = preSolution
		{3CC9DB53-A72C-490A-931C-6F020EB9534D} = {76861269-5B1D-4F15-A11B-4A473D24372F}
		{5EA21253-D3A7-4F4D-888E-F6933786F4E3} = {76861269-5B1D-4F15-A11B-4A473D24372F}
		{214171E6-74F9-413B-BEAD-7958924D2193} = {76861269-5B1D-4F15-A11B-4A473D24372F}
		{181DEEB8-435A-486A-9D0B-C15815683602} = {76861269-5B1D-4F15-A11B-4A473D24372F}
	EndGlobalSection
EndGlobal
